// !$*UTF8*$!
{
	archiveVersion = 1;
	classes = {
	};
	objectVersion = 50;
	objects = {

/* Begin PBXBuildFile section */
		CE10D93D2171C7FF000561AE /* UIView+CTLLayout.m in Sources */ = {isa = PBXBuildFile; fileRef = CE10D9342171C7FF000561AE /* UIView+CTLLayout.m */; };
		CE10D93E2171C7FF000561AE /* UIAlertController+CTLHelper.m in Sources */ = {isa = PBXBuildFile; fileRef = CE10D9382171C7FF000561AE /* UIAlertController+CTLHelper.m */; };
		CE10D93F2171C7FF000561AE /* UITableView+CTLConfiguration.m in Sources */ = {isa = PBXBuildFile; fileRef = CE10D93A2171C7FF000561AE /* UITableView+CTLConfiguration.m */; };
		CE10D9402171C7FF000561AE /* UIViewController+CTLConfiguration.m in Sources */ = {isa = PBXBuildFile; fileRef = CE10D93B2171C7FF000561AE /* UIViewController+CTLConfiguration.m */; };
		CE10D9462171DDC7000561AE /* TwoViewController.m in Sources */ = {isa = PBXBuildFile; fileRef = CE10D9452171DDC7000561AE /* TwoViewController.m */; };
		CE12869621ABA42B0088C98C /* SegmentedViewConfiguration.m in Sources */ = {isa = PBXBuildFile; fileRef = CE12868121ABA42B0088C98C /* SegmentedViewConfiguration.m */; };
		CE12869721ABA42B0088C98C /* ESSVBadgeTextCollectionViewCell.m in Sources */ = {isa = PBXBuildFile; fileRef = CE12868321ABA42B0088C98C /* ESSVBadgeTextCollectionViewCell.m */; };
		CE12869821ABA42B0088C98C /* EqualSpacingSegmentedView.m in Sources */ = {isa = PBXBuildFile; fileRef = CE12868421ABA42B0088C98C /* EqualSpacingSegmentedView.m */; };
		CE12869921ABA42B0088C98C /* ESSVBadgeImageCollectionViewCell.m in Sources */ = {isa = PBXBuildFile; fileRef = CE12868621ABA42B0088C98C /* ESSVBadgeImageCollectionViewCell.m */; };
		CE12869A21ABA42B0088C98C /* ESSVBadgeImageCollectionViewCell.xib in Resources */ = {isa = PBXBuildFile; fileRef = CE12868721ABA42B0088C98C /* ESSVBadgeImageCollectionViewCell.xib */; };
		CE12869B21ABA42B0088C98C /* ESSVNormalCollectionViewCell.m in Sources */ = {isa = PBXBuildFile; fileRef = CE12868921ABA42B0088C98C /* ESSVNormalCollectionViewCell.m */; };
		CE12869C21ABA42B0088C98C /* ESSVNormalCollectionViewCell.xib in Resources */ = {isa = PBXBuildFile; fileRef = CE12868C21ABA42B0088C98C /* ESSVNormalCollectionViewCell.xib */; };
		CE12869D21ABA42B0088C98C /* ESSVBadgeTextCollectionViewCell.xib in Resources */ = {isa = PBXBuildFile; fileRef = CE12868D21ABA42B0088C98C /* ESSVBadgeTextCollectionViewCell.xib */; };
		CE12869E21ABA42B0088C98C /* SegmentedViewItem.m in Sources */ = {isa = PBXBuildFile; fileRef = CE12868E21ABA42B0088C98C /* SegmentedViewItem.m */; };
		CE12869F21ABA42B0088C98C /* EWSVCollectionViewCell.m in Sources */ = {isa = PBXBuildFile; fileRef = CE12869121ABA42B0088C98C /* EWSVCollectionViewCell.m */; };
		CE1286A021ABA42B0088C98C /* EqualWidthSegmentedView.m in Sources */ = {isa = PBXBuildFile; fileRef = CE12869221ABA42B0088C98C /* EqualWidthSegmentedView.m */; };
		CE1286A121ABA42B0088C98C /* EWSVCollectionViewCell.xib in Resources */ = {isa = PBXBuildFile; fileRef = CE12869421ABA42B0088C98C /* EWSVCollectionViewCell.xib */; };
		CE14F05C219180B100AEC54C /* CTLCommonFunction.m in Sources */ = {isa = PBXBuildFile; fileRef = CE14F05B219180B100AEC54C /* CTLCommonFunction.m */; };
		CE15DCFF21D74BFD00491E41 /* CTLCallMonitor.m in Sources */ = {isa = PBXBuildFile; fileRef = CE15DCFE21D74BFD00491E41 /* CTLCallMonitor.m */; };
		CE221AE3218FDC8E0019BACD /* UIApplication+CTLHelper.m in Sources */ = {isa = PBXBuildFile; fileRef = CE221AE2218FDC8E0019BACD /* UIApplication+CTLHelper.m */; };
		CE2C17DD21C3A87100F50EB3 /* CTLContactsManager.m in Sources */ = {isa = PBXBuildFile; fileRef = CE2C17DC21C3A87100F50EB3 /* CTLContactsManager.m */; };
		CE2C252A218DF38800244974 /* NSString+CTLURLComparison.m in Sources */ = {isa = PBXBuildFile; fileRef = CE2C2529218DF38800244974 /* NSString+CTLURLComparison.m */; };
		CE2C36D921AD3A2500CA3742 /* CTLLocationManager.m in Sources */ = {isa = PBXBuildFile; fileRef = CE2C36D821AD3A2500CA3742 /* CTLLocationManager.m */; };
		CE35B36921AC15D500D625F9 /* CTLAuthorizeManager.m in Sources */ = {isa = PBXBuildFile; fileRef = CE35B36821AC15D500D625F9 /* CTLAuthorizeManager.m */; };
		CE4E056221D4F73C00CB966D /* CTLTimerHolder.m in Sources */ = {isa = PBXBuildFile; fileRef = CE4E056121D4F73C00CB966D /* CTLTimerHolder.m */; };
		CE56F4E32174445800DACF5C /* CTLStoragePathManager.m in Sources */ = {isa = PBXBuildFile; fileRef = CE56F4E22174445800DACF5C /* CTLStoragePathManager.m */; };
		CE5DE468218ACF4E00862E47 /* CTLAppStatusMonitor.m in Sources */ = {isa = PBXBuildFile; fileRef = CE5DE467218ACF4E00862E47 /* CTLAppStatusMonitor.m */; };
		CE80CE91217096A6004A98D3 /* AppDelegate.m in Sources */ = {isa = PBXBuildFile; fileRef = CE80CE90217096A6004A98D3 /* AppDelegate.m */; };
		CE80CE94217096A6004A98D3 /* ViewController.m in Sources */ = {isa = PBXBuildFile; fileRef = CE80CE93217096A6004A98D3 /* ViewController.m */; };
		CE80CE97217096A6004A98D3 /* Main.storyboard in Resources */ = {isa = PBXBuildFile; fileRef = CE80CE95217096A6004A98D3 /* Main.storyboard */; };
		CE80CE99217096A8004A98D3 /* Assets.xcassets in Resources */ = {isa = PBXBuildFile; fileRef = CE80CE98217096A8004A98D3 /* Assets.xcassets */; };
		CE80CE9C217096A8004A98D3 /* LaunchScreen.storyboard in Resources */ = {isa = PBXBuildFile; fileRef = CE80CE9A217096A8004A98D3 /* LaunchScreen.storyboard */; };
		CE80CE9F217096A8004A98D3 /* main.m in Sources */ = {isa = PBXBuildFile; fileRef = CE80CE9E217096A8004A98D3 /* main.m */; };
		CE80CEA9217096A8004A98D3 /* CommonToolsKitTests.m in Sources */ = {isa = PBXBuildFile; fileRef = CE80CEA8217096A8004A98D3 /* CommonToolsKitTests.m */; };
		CE90CD2A219027F6007B2009 /* CTLDevice.m in Sources */ = {isa = PBXBuildFile; fileRef = CE90CD29219027F6007B2009 /* CTLDevice.m */; };
		CE91C61721D6036F005F6368 /* AddressBook.framework in Frameworks */ = {isa = PBXBuildFile; fileRef = CE91C61621D6036F005F6368 /* AddressBook.framework */; };
		CE91C61921D60376005F6368 /* Contacts.framework in Frameworks */ = {isa = PBXBuildFile; fileRef = CE91C61821D60376005F6368 /* Contacts.framework */; settings = {ATTRIBUTES = (Weak, ); }; };
		CE9AF45221AE2AD900EAAC56 /* CTLLocationInfo.m in Sources */ = {isa = PBXBuildFile; fileRef = CE9AF45121AE2AD900EAAC56 /* CTLLocationInfo.m */; };
		CEE8D20721AAA95900EE68CA /* CTLKeychainManager.m in Sources */ = {isa = PBXBuildFile; fileRef = CEE8D20521AAA95900EE68CA /* CTLKeychainManager.m */; };
		CEE9AE7521797CA700471FB5 /* NSString+CTLMD5.m in Sources */ = {isa = PBXBuildFile; fileRef = CEE9AE7421797CA700471FB5 /* NSString+CTLMD5.m */; };
		CEF41220218F10E60049A994 /* UIColor+CTLHelper.m in Sources */ = {isa = PBXBuildFile; fileRef = CEF4121F218F10E60049A994 /* UIColor+CTLHelper.m */; };
		CEF41223218F15D30049A994 /* UITextField+CTLLimitInputLength.m in Sources */ = {isa = PBXBuildFile; fileRef = CEF41222218F15D30049A994 /* UITextField+CTLLimitInputLength.m */; };
		CEF41226218F17330049A994 /* UITextView+CTLLimitInputLength.m in Sources */ = {isa = PBXBuildFile; fileRef = CEF41225218F17330049A994 /* UITextView+CTLLimitInputLength.m */; };
		CEF41229218F17DB0049A994 /* UISearchBar+CTLLimitInputLength.m in Sources */ = {isa = PBXBuildFile; fileRef = CEF41228218F17DB0049A994 /* UISearchBar+CTLLimitInputLength.m */; };
		CEF4122C218F19300049A994 /* NSData+CTLGZIP.m in Sources */ = {isa = PBXBuildFile; fileRef = CEF4122B218F19300049A994 /* NSData+CTLGZIP.m */; };
		CEF4122F218F1BB40049A994 /* CTLDateManager.m in Sources */ = {isa = PBXBuildFile; fileRef = CEF4122E218F1BB40049A994 /* CTLDateManager.m */; };
/* End PBXBuildFile section */

/* Begin PBXContainerItemProxy section */
		CE80CEA5217096A8004A98D3 /* PBXContainerItemProxy */ = {
			isa = PBXContainerItemProxy;
			containerPortal = CE80CE84217096A6004A98D3 /* Project object */;
			proxyType = 1;
			remoteGlobalIDString = CE80CE8B217096A6004A98D3;
			remoteInfo = CommonToolsKit;
		};
/* End PBXContainerItemProxy section */

/* Begin PBXFileReference section */
		CE10D9342171C7FF000561AE /* UIView+CTLLayout.m */ = {isa = PBXFileReference; fileEncoding = 4; lastKnownFileType = sourcecode.c.objc; path = "UIView+CTLLayout.m"; sourceTree = "<group>"; };
		CE10D9352171C7FF000561AE /* UIAlertController+CTLHelper.h */ = {isa = PBXFileReference; fileEncoding = 4; lastKnownFileType = sourcecode.c.h; path = "UIAlertController+CTLHelper.h"; sourceTree = "<group>"; };
		CE10D9362171C7FF000561AE /* UITableView+CTLConfiguration.h */ = {isa = PBXFileReference; fileEncoding = 4; lastKnownFileType = sourcecode.c.h; path = "UITableView+CTLConfiguration.h"; sourceTree = "<group>"; };
		CE10D9372171C7FF000561AE /* UIViewController+CTLConfiguration.h */ = {isa = PBXFileReference; fileEncoding = 4; lastKnownFileType = sourcecode.c.h; path = "UIViewController+CTLConfiguration.h"; sourceTree = "<group>"; };
		CE10D9382171C7FF000561AE /* UIAlertController+CTLHelper.m */ = {isa = PBXFileReference; fileEncoding = 4; lastKnownFileType = sourcecode.c.objc; path = "UIAlertController+CTLHelper.m"; sourceTree = "<group>"; };
		CE10D9392171C7FF000561AE /* UIView+CTLLayout.h */ = {isa = PBXFileReference; fileEncoding = 4; lastKnownFileType = sourcecode.c.h; path = "UIView+CTLLayout.h"; sourceTree = "<group>"; };
		CE10D93A2171C7FF000561AE /* UITableView+CTLConfiguration.m */ = {isa = PBXFileReference; fileEncoding = 4; lastKnownFileType = sourcecode.c.objc; path = "UITableView+CTLConfiguration.m"; sourceTree = "<group>"; };
		CE10D93B2171C7FF000561AE /* UIViewController+CTLConfiguration.m */ = {isa = PBXFileReference; fileEncoding = 4; lastKnownFileType = sourcecode.c.objc; path = "UIViewController+CTLConfiguration.m"; sourceTree = "<group>"; };
		CE10D9442171DDC7000561AE /* TwoViewController.h */ = {isa = PBXFileReference; lastKnownFileType = sourcecode.c.h; path = TwoViewController.h; sourceTree = "<group>"; };
		CE10D9452171DDC7000561AE /* TwoViewController.m */ = {isa = PBXFileReference; lastKnownFileType = sourcecode.c.objc; path = TwoViewController.m; sourceTree = "<group>"; };
		CE12868021ABA42B0088C98C /* SegmentedViewItem.h */ = {isa = PBXFileReference; fileEncoding = 4; lastKnownFileType = sourcecode.c.h; path = SegmentedViewItem.h; sourceTree = "<group>"; };
		CE12868121ABA42B0088C98C /* SegmentedViewConfiguration.m */ = {isa = PBXFileReference; fileEncoding = 4; lastKnownFileType = sourcecode.c.objc; path = SegmentedViewConfiguration.m; sourceTree = "<group>"; };
		CE12868321ABA42B0088C98C /* ESSVBadgeTextCollectionViewCell.m */ = {isa = PBXFileReference; fileEncoding = 4; lastKnownFileType = sourcecode.c.objc; path = ESSVBadgeTextCollectionViewCell.m; sourceTree = "<group>"; };
		CE12868421ABA42B0088C98C /* EqualSpacingSegmentedView.m */ = {isa = PBXFileReference; fileEncoding = 4; lastKnownFileType = sourcecode.c.objc; path = EqualSpacingSegmentedView.m; sourceTree = "<group>"; };
		CE12868521ABA42B0088C98C /* ESSVNormalCollectionViewCell.h */ = {isa = PBXFileReference; fileEncoding = 4; lastKnownFileType = sourcecode.c.h; path = ESSVNormalCollectionViewCell.h; sourceTree = "<group>"; };
		CE12868621ABA42B0088C98C /* ESSVBadgeImageCollectionViewCell.m */ = {isa = PBXFileReference; fileEncoding = 4; lastKnownFileType = sourcecode.c.objc; path = ESSVBadgeImageCollectionViewCell.m; sourceTree = "<group>"; };
		CE12868721ABA42B0088C98C /* ESSVBadgeImageCollectionViewCell.xib */ = {isa = PBXFileReference; fileEncoding = 4; lastKnownFileType = file.xib; path = ESSVBadgeImageCollectionViewCell.xib; sourceTree = "<group>"; };
		CE12868821ABA42B0088C98C /* ESSVBadgeTextCollectionViewCell.h */ = {isa = PBXFileReference; fileEncoding = 4; lastKnownFileType = sourcecode.c.h; path = ESSVBadgeTextCollectionViewCell.h; sourceTree = "<group>"; };
		CE12868921ABA42B0088C98C /* ESSVNormalCollectionViewCell.m */ = {isa = PBXFileReference; fileEncoding = 4; lastKnownFileType = sourcecode.c.objc; path = ESSVNormalCollectionViewCell.m; sourceTree = "<group>"; };
		CE12868A21ABA42B0088C98C /* EqualSpacingSegmentedView.h */ = {isa = PBXFileReference; fileEncoding = 4; lastKnownFileType = sourcecode.c.h; path = EqualSpacingSegmentedView.h; sourceTree = "<group>"; };
		CE12868B21ABA42B0088C98C /* ESSVBadgeImageCollectionViewCell.h */ = {isa = PBXFileReference; fileEncoding = 4; lastKnownFileType = sourcecode.c.h; path = ESSVBadgeImageCollectionViewCell.h; sourceTree = "<group>"; };
		CE12868C21ABA42B0088C98C /* ESSVNormalCollectionViewCell.xib */ = {isa = PBXFileReference; fileEncoding = 4; lastKnownFileType = file.xib; path = ESSVNormalCollectionViewCell.xib; sourceTree = "<group>"; };
		CE12868D21ABA42B0088C98C /* ESSVBadgeTextCollectionViewCell.xib */ = {isa = PBXFileReference; fileEncoding = 4; lastKnownFileType = file.xib; path = ESSVBadgeTextCollectionViewCell.xib; sourceTree = "<group>"; };
		CE12868E21ABA42B0088C98C /* SegmentedViewItem.m */ = {isa = PBXFileReference; fileEncoding = 4; lastKnownFileType = sourcecode.c.objc; path = SegmentedViewItem.m; sourceTree = "<group>"; };
		CE12868F21ABA42B0088C98C /* SegmentedViewConfiguration.h */ = {isa = PBXFileReference; fileEncoding = 4; lastKnownFileType = sourcecode.c.h; path = SegmentedViewConfiguration.h; sourceTree = "<group>"; };
		CE12869121ABA42B0088C98C /* EWSVCollectionViewCell.m */ = {isa = PBXFileReference; fileEncoding = 4; lastKnownFileType = sourcecode.c.objc; path = EWSVCollectionViewCell.m; sourceTree = "<group>"; };
		CE12869221ABA42B0088C98C /* EqualWidthSegmentedView.m */ = {isa = PBXFileReference; fileEncoding = 4; lastKnownFileType = sourcecode.c.objc; path = EqualWidthSegmentedView.m; sourceTree = "<group>"; };
		CE12869321ABA42B0088C98C /* EWSVCollectionViewCell.h */ = {isa = PBXFileReference; fileEncoding = 4; lastKnownFileType = sourcecode.c.h; path = EWSVCollectionViewCell.h; sourceTree = "<group>"; };
		CE12869421ABA42B0088C98C /* EWSVCollectionViewCell.xib */ = {isa = PBXFileReference; fileEncoding = 4; lastKnownFileType = file.xib; path = EWSVCollectionViewCell.xib; sourceTree = "<group>"; };
		CE12869521ABA42B0088C98C /* EqualWidthSegmentedView.h */ = {isa = PBXFileReference; fileEncoding = 4; lastKnownFileType = sourcecode.c.h; path = EqualWidthSegmentedView.h; sourceTree = "<group>"; };
		CE14F05B219180B100AEC54C /* CTLCommonFunction.m */ = {isa = PBXFileReference; lastKnownFileType = sourcecode.c.objc; path = CTLCommonFunction.m; sourceTree = "<group>"; };
		CE15DCFD21D74BFD00491E41 /* CTLCallMonitor.h */ = {isa = PBXFileReference; lastKnownFileType = sourcecode.c.h; path = CTLCallMonitor.h; sourceTree = "<group>"; };
		CE15DCFE21D74BFD00491E41 /* CTLCallMonitor.m */ = {isa = PBXFileReference; lastKnownFileType = sourcecode.c.objc; path = CTLCallMonitor.m; sourceTree = "<group>"; };
		CE221AE1218FDC8E0019BACD /* UIApplication+CTLHelper.h */ = {isa = PBXFileReference; lastKnownFileType = sourcecode.c.h; path = "UIApplication+CTLHelper.h"; sourceTree = "<group>"; };
		CE221AE2218FDC8E0019BACD /* UIApplication+CTLHelper.m */ = {isa = PBXFileReference; lastKnownFileType = sourcecode.c.objc; path = "UIApplication+CTLHelper.m"; sourceTree = "<group>"; };
		CE2C17DB21C3A87100F50EB3 /* CTLContactsManager.h */ = {isa = PBXFileReference; fileEncoding = 4; lastKnownFileType = sourcecode.c.h; path = CTLContactsManager.h; sourceTree = "<group>"; };
		CE2C17DC21C3A87100F50EB3 /* CTLContactsManager.m */ = {isa = PBXFileReference; fileEncoding = 4; lastKnownFileType = sourcecode.c.objc; path = CTLContactsManager.m; sourceTree = "<group>"; };
		CE2C2527218DE84F00244974 /* CommonToolsLibraryHeader.h */ = {isa = PBXFileReference; lastKnownFileType = sourcecode.c.h; path = CommonToolsLibraryHeader.h; sourceTree = "<group>"; };
		CE2C2528218DF38800244974 /* NSString+CTLURLComparison.h */ = {isa = PBXFileReference; lastKnownFileType = sourcecode.c.h; path = "NSString+CTLURLComparison.h"; sourceTree = "<group>"; };
		CE2C2529218DF38800244974 /* NSString+CTLURLComparison.m */ = {isa = PBXFileReference; lastKnownFileType = sourcecode.c.objc; path = "NSString+CTLURLComparison.m"; sourceTree = "<group>"; };
		CE2C36D721AD3A2500CA3742 /* CTLLocationManager.h */ = {isa = PBXFileReference; lastKnownFileType = sourcecode.c.h; path = CTLLocationManager.h; sourceTree = "<group>"; };
		CE2C36D821AD3A2500CA3742 /* CTLLocationManager.m */ = {isa = PBXFileReference; lastKnownFileType = sourcecode.c.objc; path = CTLLocationManager.m; sourceTree = "<group>"; };
		CE35B36721AC15D500D625F9 /* CTLAuthorizeManager.h */ = {isa = PBXFileReference; lastKnownFileType = sourcecode.c.h; path = CTLAuthorizeManager.h; sourceTree = "<group>"; };
		CE35B36821AC15D500D625F9 /* CTLAuthorizeManager.m */ = {isa = PBXFileReference; lastKnownFileType = sourcecode.c.objc; path = CTLAuthorizeManager.m; sourceTree = "<group>"; };
		CE4E056021D4F73C00CB966D /* CTLTimerHolder.h */ = {isa = PBXFileReference; lastKnownFileType = sourcecode.c.h; path = CTLTimerHolder.h; sourceTree = "<group>"; };
		CE4E056121D4F73C00CB966D /* CTLTimerHolder.m */ = {isa = PBXFileReference; lastKnownFileType = sourcecode.c.objc; path = CTLTimerHolder.m; sourceTree = "<group>"; };
		CE56F4E12174445800DACF5C /* CTLStoragePathManager.h */ = {isa = PBXFileReference; lastKnownFileType = sourcecode.c.h; path = CTLStoragePathManager.h; sourceTree = "<group>"; };
		CE56F4E22174445800DACF5C /* CTLStoragePathManager.m */ = {isa = PBXFileReference; lastKnownFileType = sourcecode.c.objc; path = CTLStoragePathManager.m; sourceTree = "<group>"; };
		CE5DE466218ACF4E00862E47 /* CTLAppStatusMonitor.h */ = {isa = PBXFileReference; lastKnownFileType = sourcecode.c.h; path = CTLAppStatusMonitor.h; sourceTree = "<group>"; };
		CE5DE467218ACF4E00862E47 /* CTLAppStatusMonitor.m */ = {isa = PBXFileReference; lastKnownFileType = sourcecode.c.objc; path = CTLAppStatusMonitor.m; sourceTree = "<group>"; };
		CE5DE46A218AE02300862E47 /* CTLCommonFunction.h */ = {isa = PBXFileReference; lastKnownFileType = sourcecode.c.h; path = CTLCommonFunction.h; sourceTree = "<group>"; };
		CE5DE46B218AE09000862E47 /* CTLCommonMacros.h */ = {isa = PBXFileReference; lastKnownFileType = sourcecode.c.h; path = CTLCommonMacros.h; sourceTree = "<group>"; };
		CE6BB921218B2527009F3F54 /* CommonToolsKit.pch */ = {isa = PBXFileReference; lastKnownFileType = sourcecode.c.h; path = CommonToolsKit.pch; sourceTree = "<group>"; };
		CE80CE8C217096A6004A98D3 /* CommonToolsKit.app */ = {isa = PBXFileReference; explicitFileType = wrapper.application; includeInIndex = 0; path = CommonToolsKit.app; sourceTree = BUILT_PRODUCTS_DIR; };
		CE80CE8F217096A6004A98D3 /* AppDelegate.h */ = {isa = PBXFileReference; lastKnownFileType = sourcecode.c.h; path = AppDelegate.h; sourceTree = "<group>"; };
		CE80CE90217096A6004A98D3 /* AppDelegate.m */ = {isa = PBXFileReference; lastKnownFileType = sourcecode.c.objc; path = AppDelegate.m; sourceTree = "<group>"; };
		CE80CE92217096A6004A98D3 /* ViewController.h */ = {isa = PBXFileReference; lastKnownFileType = sourcecode.c.h; path = ViewController.h; sourceTree = "<group>"; };
		CE80CE93217096A6004A98D3 /* ViewController.m */ = {isa = PBXFileReference; lastKnownFileType = sourcecode.c.objc; path = ViewController.m; sourceTree = "<group>"; };
		CE80CE96217096A6004A98D3 /* Base */ = {isa = PBXFileReference; lastKnownFileType = file.storyboard; name = Base; path = Base.lproj/Main.storyboard; sourceTree = "<group>"; };
		CE80CE98217096A8004A98D3 /* Assets.xcassets */ = {isa = PBXFileReference; lastKnownFileType = folder.assetcatalog; path = Assets.xcassets; sourceTree = "<group>"; };
		CE80CE9B217096A8004A98D3 /* Base */ = {isa = PBXFileReference; lastKnownFileType = file.storyboard; name = Base; path = Base.lproj/LaunchScreen.storyboard; sourceTree = "<group>"; };
		CE80CE9D217096A8004A98D3 /* Info.plist */ = {isa = PBXFileReference; lastKnownFileType = text.plist.xml; path = Info.plist; sourceTree = "<group>"; };
		CE80CE9E217096A8004A98D3 /* main.m */ = {isa = PBXFileReference; lastKnownFileType = sourcecode.c.objc; path = main.m; sourceTree = "<group>"; };
		CE80CEA4217096A8004A98D3 /* CommonToolsKitTests.xctest */ = {isa = PBXFileReference; explicitFileType = wrapper.cfbundle; includeInIndex = 0; path = CommonToolsKitTests.xctest; sourceTree = BUILT_PRODUCTS_DIR; };
		CE80CEA8217096A8004A98D3 /* CommonToolsKitTests.m */ = {isa = PBXFileReference; lastKnownFileType = sourcecode.c.objc; path = CommonToolsKitTests.m; sourceTree = "<group>"; };
		CE80CEAA217096A8004A98D3 /* Info.plist */ = {isa = PBXFileReference; lastKnownFileType = text.plist.xml; path = Info.plist; sourceTree = "<group>"; };
		CE90CD28219027F6007B2009 /* CTLDevice.h */ = {isa = PBXFileReference; lastKnownFileType = sourcecode.c.h; path = CTLDevice.h; sourceTree = "<group>"; };
		CE90CD29219027F6007B2009 /* CTLDevice.m */ = {isa = PBXFileReference; lastKnownFileType = sourcecode.c.objc; path = CTLDevice.m; sourceTree = "<group>"; };
		CE91C61621D6036F005F6368 /* AddressBook.framework */ = {isa = PBXFileReference; lastKnownFileType = wrapper.framework; name = AddressBook.framework; path = System/Library/Frameworks/AddressBook.framework; sourceTree = SDKROOT; };
		CE91C61821D60376005F6368 /* Contacts.framework */ = {isa = PBXFileReference; lastKnownFileType = wrapper.framework; name = Contacts.framework; path = System/Library/Frameworks/Contacts.framework; sourceTree = SDKROOT; };
		CE9AF45021AE2AD900EAAC56 /* CTLLocationInfo.h */ = {isa = PBXFileReference; lastKnownFileType = sourcecode.c.h; path = CTLLocationInfo.h; sourceTree = "<group>"; };
		CE9AF45121AE2AD900EAAC56 /* CTLLocationInfo.m */ = {isa = PBXFileReference; lastKnownFileType = sourcecode.c.objc; path = CTLLocationInfo.m; sourceTree = "<group>"; };
		CEE8D20521AAA95900EE68CA /* CTLKeychainManager.m */ = {isa = PBXFileReference; fileEncoding = 4; lastKnownFileType = sourcecode.c.objc; path = CTLKeychainManager.m; sourceTree = "<group>"; };
		CEE8D20621AAA95900EE68CA /* CTLKeychainManager.h */ = {isa = PBXFileReference; fileEncoding = 4; lastKnownFileType = sourcecode.c.h; path = CTLKeychainManager.h; sourceTree = "<group>"; };
		CEE9AE7321797CA700471FB5 /* NSString+CTLMD5.h */ = {isa = PBXFileReference; lastKnownFileType = sourcecode.c.h; path = "NSString+CTLMD5.h"; sourceTree = "<group>"; };
		CEE9AE7421797CA700471FB5 /* NSString+CTLMD5.m */ = {isa = PBXFileReference; lastKnownFileType = sourcecode.c.objc; path = "NSString+CTLMD5.m"; sourceTree = "<group>"; };
		CEF4121E218F10E60049A994 /* UIColor+CTLHelper.h */ = {isa = PBXFileReference; lastKnownFileType = sourcecode.c.h; path = "UIColor+CTLHelper.h"; sourceTree = "<group>"; };
		CEF4121F218F10E60049A994 /* UIColor+CTLHelper.m */ = {isa = PBXFileReference; lastKnownFileType = sourcecode.c.objc; path = "UIColor+CTLHelper.m"; sourceTree = "<group>"; };
		CEF41221218F15D30049A994 /* UITextField+CTLLimitInputLength.h */ = {isa = PBXFileReference; lastKnownFileType = sourcecode.c.h; path = "UITextField+CTLLimitInputLength.h"; sourceTree = "<group>"; };
		CEF41222218F15D30049A994 /* UITextField+CTLLimitInputLength.m */ = {isa = PBXFileReference; lastKnownFileType = sourcecode.c.objc; path = "UITextField+CTLLimitInputLength.m"; sourceTree = "<group>"; };
		CEF41224218F17330049A994 /* UITextView+CTLLimitInputLength.h */ = {isa = PBXFileReference; lastKnownFileType = sourcecode.c.h; path = "UITextView+CTLLimitInputLength.h"; sourceTree = "<group>"; };
		CEF41225218F17330049A994 /* UITextView+CTLLimitInputLength.m */ = {isa = PBXFileReference; lastKnownFileType = sourcecode.c.objc; path = "UITextView+CTLLimitInputLength.m"; sourceTree = "<group>"; };
		CEF41227218F17DB0049A994 /* UISearchBar+CTLLimitInputLength.h */ = {isa = PBXFileReference; lastKnownFileType = sourcecode.c.h; path = "UISearchBar+CTLLimitInputLength.h"; sourceTree = "<group>"; };
		CEF41228218F17DB0049A994 /* UISearchBar+CTLLimitInputLength.m */ = {isa = PBXFileReference; lastKnownFileType = sourcecode.c.objc; path = "UISearchBar+CTLLimitInputLength.m"; sourceTree = "<group>"; };
		CEF4122A218F19300049A994 /* NSData+CTLGZIP.h */ = {isa = PBXFileReference; lastKnownFileType = sourcecode.c.h; path = "NSData+CTLGZIP.h"; sourceTree = "<group>"; };
		CEF4122B218F19300049A994 /* NSData+CTLGZIP.m */ = {isa = PBXFileReference; lastKnownFileType = sourcecode.c.objc; path = "NSData+CTLGZIP.m"; sourceTree = "<group>"; };
		CEF4122D218F1BB40049A994 /* CTLDateManager.h */ = {isa = PBXFileReference; lastKnownFileType = sourcecode.c.h; path = CTLDateManager.h; sourceTree = "<group>"; };
		CEF4122E218F1BB40049A994 /* CTLDateManager.m */ = {isa = PBXFileReference; lastKnownFileType = sourcecode.c.objc; path = CTLDateManager.m; sourceTree = "<group>"; };
/* End PBXFileReference section */

/* Begin PBXFrameworksBuildPhase section */
		CE80CE89217096A6004A98D3 /* Frameworks */ = {
			isa = PBXFrameworksBuildPhase;
			buildActionMask = 2147483647;
			files = (
				CE91C61921D60376005F6368 /* Contacts.framework in Frameworks */,
				CE91C61721D6036F005F6368 /* AddressBook.framework in Frameworks */,
			);
			runOnlyForDeploymentPostprocessing = 0;
		};
		CE80CEA1217096A8004A98D3 /* Frameworks */ = {
			isa = PBXFrameworksBuildPhase;
			buildActionMask = 2147483647;
			files = (
			);
			runOnlyForDeploymentPostprocessing = 0;
		};
/* End PBXFrameworksBuildPhase section */

/* Begin PBXGroup section */
		CE10D9322171C7FF000561AE /* CommonToolsLibrary */ = {
			isa = PBXGroup;
			children = (
				CE2C2527218DE84F00244974 /* CommonToolsLibraryHeader.h */,
				CE10D9332171C7FF000561AE /* Category */,
				CE5DE469218AD3C200862E47 /* Header */,
				CE10D93C2171C7FF000561AE /* Manager */,
				CE12867E21ABA2380088C98C /* ViewModules */,
			);
			path = CommonToolsLibrary;
			sourceTree = SOURCE_ROOT;
		};
		CE10D9332171C7FF000561AE /* Category */ = {
			isa = PBXGroup;
			children = (
				CE10D9392171C7FF000561AE /* UIView+CTLLayout.h */,
				CE10D9342171C7FF000561AE /* UIView+CTLLayout.m */,
				CE10D9362171C7FF000561AE /* UITableView+CTLConfiguration.h */,
				CE10D93A2171C7FF000561AE /* UITableView+CTLConfiguration.m */,
				CE10D9352171C7FF000561AE /* UIAlertController+CTLHelper.h */,
				CE10D9382171C7FF000561AE /* UIAlertController+CTLHelper.m */,
				CE10D9372171C7FF000561AE /* UIViewController+CTLConfiguration.h */,
				CE10D93B2171C7FF000561AE /* UIViewController+CTLConfiguration.m */,
				CEE9AE7321797CA700471FB5 /* NSString+CTLMD5.h */,
				CEE9AE7421797CA700471FB5 /* NSString+CTLMD5.m */,
				CE2C2528218DF38800244974 /* NSString+CTLURLComparison.h */,
				CE2C2529218DF38800244974 /* NSString+CTLURLComparison.m */,
				CEF4121E218F10E60049A994 /* UIColor+CTLHelper.h */,
				CEF4121F218F10E60049A994 /* UIColor+CTLHelper.m */,
				CEF41221218F15D30049A994 /* UITextField+CTLLimitInputLength.h */,
				CEF41222218F15D30049A994 /* UITextField+CTLLimitInputLength.m */,
				CEF41224218F17330049A994 /* UITextView+CTLLimitInputLength.h */,
				CEF41225218F17330049A994 /* UITextView+CTLLimitInputLength.m */,
				CEF41227218F17DB0049A994 /* UISearchBar+CTLLimitInputLength.h */,
				CEF41228218F17DB0049A994 /* UISearchBar+CTLLimitInputLength.m */,
				CEF4122A218F19300049A994 /* NSData+CTLGZIP.h */,
				CEF4122B218F19300049A994 /* NSData+CTLGZIP.m */,
				CE221AE1218FDC8E0019BACD /* UIApplication+CTLHelper.h */,
				CE221AE2218FDC8E0019BACD /* UIApplication+CTLHelper.m */,
			);
			path = Category;
			sourceTree = "<group>";
		};
		CE10D93C2171C7FF000561AE /* Manager */ = {
			isa = PBXGroup;
			children = (
				CE56F4E12174445800DACF5C /* CTLStoragePathManager.h */,
				CE56F4E22174445800DACF5C /* CTLStoragePathManager.m */,
				CE5DE466218ACF4E00862E47 /* CTLAppStatusMonitor.h */,
				CE5DE467218ACF4E00862E47 /* CTLAppStatusMonitor.m */,
				CEF4122D218F1BB40049A994 /* CTLDateManager.h */,
				CEF4122E218F1BB40049A994 /* CTLDateManager.m */,
				CE90CD28219027F6007B2009 /* CTLDevice.h */,
				CE90CD29219027F6007B2009 /* CTLDevice.m */,
				CEE8D20621AAA95900EE68CA /* CTLKeychainManager.h */,
				CEE8D20521AAA95900EE68CA /* CTLKeychainManager.m */,
				CE35B36721AC15D500D625F9 /* CTLAuthorizeManager.h */,
				CE35B36821AC15D500D625F9 /* CTLAuthorizeManager.m */,
				CE2C36D721AD3A2500CA3742 /* CTLLocationManager.h */,
				CE2C36D821AD3A2500CA3742 /* CTLLocationManager.m */,
				CE9AF45021AE2AD900EAAC56 /* CTLLocationInfo.h */,
				CE9AF45121AE2AD900EAAC56 /* CTLLocationInfo.m */,
				CE2C17DB21C3A87100F50EB3 /* CTLContactsManager.h */,
				CE2C17DC21C3A87100F50EB3 /* CTLContactsManager.m */,
				CE4E056021D4F73C00CB966D /* CTLTimerHolder.h */,
				CE4E056121D4F73C00CB966D /* CTLTimerHolder.m */,
			);
			path = Manager;
			sourceTree = "<group>";
		};
		CE12867E21ABA2380088C98C /* ViewModules */ = {
			isa = PBXGroup;
			children = (
				CE12867F21ABA42B0088C98C /* SegmentedView */,
			);
			path = ViewModules;
			sourceTree = "<group>";
		};
		CE12867F21ABA42B0088C98C /* SegmentedView */ = {
			isa = PBXGroup;
			children = (
				CE12868221ABA42B0088C98C /* EqualSpacing */,
				CE12869021ABA42B0088C98C /* EqualWidth */,
				CE12868F21ABA42B0088C98C /* SegmentedViewConfiguration.h */,
				CE12868121ABA42B0088C98C /* SegmentedViewConfiguration.m */,
				CE12868021ABA42B0088C98C /* SegmentedViewItem.h */,
				CE12868E21ABA42B0088C98C /* SegmentedViewItem.m */,
			);
			path = SegmentedView;
			sourceTree = "<group>";
		};
		CE12868221ABA42B0088C98C /* EqualSpacing */ = {
			isa = PBXGroup;
			children = (
				CE12868A21ABA42B0088C98C /* EqualSpacingSegmentedView.h */,
				CE12868421ABA42B0088C98C /* EqualSpacingSegmentedView.m */,
				CE12868B21ABA42B0088C98C /* ESSVBadgeImageCollectionViewCell.h */,
				CE12868621ABA42B0088C98C /* ESSVBadgeImageCollectionViewCell.m */,
				CE12868721ABA42B0088C98C /* ESSVBadgeImageCollectionViewCell.xib */,
				CE12868821ABA42B0088C98C /* ESSVBadgeTextCollectionViewCell.h */,
				CE12868321ABA42B0088C98C /* ESSVBadgeTextCollectionViewCell.m */,
				CE12868D21ABA42B0088C98C /* ESSVBadgeTextCollectionViewCell.xib */,
				CE12868521ABA42B0088C98C /* ESSVNormalCollectionViewCell.h */,
				CE12868921ABA42B0088C98C /* ESSVNormalCollectionViewCell.m */,
				CE12868C21ABA42B0088C98C /* ESSVNormalCollectionViewCell.xib */,
			);
			path = EqualSpacing;
			sourceTree = "<group>";
		};
		CE12869021ABA42B0088C98C /* EqualWidth */ = {
			isa = PBXGroup;
			children = (
				CE12869521ABA42B0088C98C /* EqualWidthSegmentedView.h */,
				CE12869221ABA42B0088C98C /* EqualWidthSegmentedView.m */,
				CE12869321ABA42B0088C98C /* EWSVCollectionViewCell.h */,
				CE12869121ABA42B0088C98C /* EWSVCollectionViewCell.m */,
				CE12869421ABA42B0088C98C /* EWSVCollectionViewCell.xib */,
			);
			path = EqualWidth;
			sourceTree = "<group>";
		};
		CE5DE469218AD3C200862E47 /* Header */ = {
			isa = PBXGroup;
			children = (
				CE8DC8DA218BE4B400BE0B71 /* CommonFunction */,
				CE8DC8D9218BE48600BE0B71 /* CommonMacros */,
			);
			path = Header;
			sourceTree = "<group>";
		};
		CE80CE83217096A6004A98D3 = {
			isa = PBXGroup;
			children = (
				CE80CE8E217096A6004A98D3 /* CommonToolsKit */,
				CE80CEA7217096A8004A98D3 /* CommonToolsKitTests */,
				CE80CE8D217096A6004A98D3 /* Products */,
				CE91C61521D6036F005F6368 /* Frameworks */,
			);
			sourceTree = "<group>";
		};
		CE80CE8D217096A6004A98D3 /* Products */ = {
			isa = PBXGroup;
			children = (
				CE80CE8C217096A6004A98D3 /* CommonToolsKit.app */,
				CE80CEA4217096A8004A98D3 /* CommonToolsKitTests.xctest */,
			);
			name = Products;
			sourceTree = "<group>";
		};
		CE80CE8E217096A6004A98D3 /* CommonToolsKit */ = {
			isa = PBXGroup;
			children = (
				CE80CE8F217096A6004A98D3 /* AppDelegate.h */,
				CE80CE90217096A6004A98D3 /* AppDelegate.m */,
				CE80CE92217096A6004A98D3 /* ViewController.h */,
				CE80CE93217096A6004A98D3 /* ViewController.m */,
				CE10D9442171DDC7000561AE /* TwoViewController.h */,
				CE10D9452171DDC7000561AE /* TwoViewController.m */,
				CE15DCFD21D74BFD00491E41 /* CTLCallMonitor.h */,
				CE15DCFE21D74BFD00491E41 /* CTLCallMonitor.m */,
				CE10D9322171C7FF000561AE /* CommonToolsLibrary */,
				CE80CE95217096A6004A98D3 /* Main.storyboard */,
				CE80CE98217096A8004A98D3 /* Assets.xcassets */,
				CE80CE9A217096A8004A98D3 /* LaunchScreen.storyboard */,
				CE80CE9D217096A8004A98D3 /* Info.plist */,
				CE80CE9E217096A8004A98D3 /* main.m */,
				CE6BB921218B2527009F3F54 /* CommonToolsKit.pch */,
			);
			path = CommonToolsKit;
			sourceTree = "<group>";
		};
		CE80CEA7217096A8004A98D3 /* CommonToolsKitTests */ = {
			isa = PBXGroup;
			children = (
				CE80CEA8217096A8004A98D3 /* CommonToolsKitTests.m */,
				CE80CEAA217096A8004A98D3 /* Info.plist */,
			);
			path = CommonToolsKitTests;
			sourceTree = "<group>";
		};
		CE8DC8D9218BE48600BE0B71 /* CommonMacros */ = {
			isa = PBXGroup;
			children = (
				CE5DE46B218AE09000862E47 /* CTLCommonMacros.h */,
			);
			path = CommonMacros;
			sourceTree = "<group>";
		};
		CE8DC8DA218BE4B400BE0B71 /* CommonFunction */ = {
			isa = PBXGroup;
			children = (
				CE5DE46A218AE02300862E47 /* CTLCommonFunction.h */,
				CE14F05B219180B100AEC54C /* CTLCommonFunction.m */,
			);
			path = CommonFunction;
			sourceTree = "<group>";
		};
		CE91C61521D6036F005F6368 /* Frameworks */ = {
			isa = PBXGroup;
			children = (
				CE91C61821D60376005F6368 /* Contacts.framework */,
				CE91C61621D6036F005F6368 /* AddressBook.framework */,
			);
			name = Frameworks;
			sourceTree = "<group>";
		};
/* End PBXGroup section */

/* Begin PBXNativeTarget section */
		CE80CE8B217096A6004A98D3 /* CommonToolsKit */ = {
			isa = PBXNativeTarget;
			buildConfigurationList = CE80CEAD217096A8004A98D3 /* Build configuration list for PBXNativeTarget "CommonToolsKit" */;
			buildPhases = (
				CE80CE88217096A6004A98D3 /* Sources */,
				CE80CE89217096A6004A98D3 /* Frameworks */,
				CE80CE8A217096A6004A98D3 /* Resources */,
			);
			buildRules = (
			);
			dependencies = (
			);
			name = CommonToolsKit;
			productName = CommonToolsKit;
			productReference = CE80CE8C217096A6004A98D3 /* CommonToolsKit.app */;
			productType = "com.apple.product-type.application";
		};
		CE80CEA3217096A8004A98D3 /* CommonToolsKitTests */ = {
			isa = PBXNativeTarget;
			buildConfigurationList = CE80CEB0217096A8004A98D3 /* Build configuration list for PBXNativeTarget "CommonToolsKitTests" */;
			buildPhases = (
				CE80CEA0217096A8004A98D3 /* Sources */,
				CE80CEA1217096A8004A98D3 /* Frameworks */,
				CE80CEA2217096A8004A98D3 /* Resources */,
			);
			buildRules = (
			);
			dependencies = (
				CE80CEA6217096A8004A98D3 /* PBXTargetDependency */,
			);
			name = CommonToolsKitTests;
			productName = CommonToolsKitTests;
			productReference = CE80CEA4217096A8004A98D3 /* CommonToolsKitTests.xctest */;
			productType = "com.apple.product-type.bundle.unit-test";
		};
/* End PBXNativeTarget section */

/* Begin PBXProject section */
		CE80CE84217096A6004A98D3 /* Project object */ = {
			isa = PBXProject;
			attributes = {
				LastUpgradeCheck = 1000;
				ORGANIZATIONNAME = yangyongzheng;
				TargetAttributes = {
					CE80CE8B217096A6004A98D3 = {
						CreatedOnToolsVersion = 10.0;
					};
					CE80CEA3217096A8004A98D3 = {
						CreatedOnToolsVersion = 10.0;
						TestTargetID = CE80CE8B217096A6004A98D3;
					};
				};
			};
			buildConfigurationList = CE80CE87217096A6004A98D3 /* Build configuration list for PBXProject "CommonToolsKit" */;
			compatibilityVersion = "Xcode 9.3";
			developmentRegion = en;
			hasScannedForEncodings = 0;
			knownRegions = (
				en,
				Base,
			);
			mainGroup = CE80CE83217096A6004A98D3;
			productRefGroup = CE80CE8D217096A6004A98D3 /* Products */;
			projectDirPath = "";
			projectRoot = "";
			targets = (
				CE80CE8B217096A6004A98D3 /* CommonToolsKit */,
				CE80CEA3217096A8004A98D3 /* CommonToolsKitTests */,
			);
		};
/* End PBXProject section */

/* Begin PBXResourcesBuildPhase section */
		CE80CE8A217096A6004A98D3 /* Resources */ = {
			isa = PBXResourcesBuildPhase;
			buildActionMask = 2147483647;
			files = (
				CE12869D21ABA42B0088C98C /* ESSVBadgeTextCollectionViewCell.xib in Resources */,
				CE80CE9C217096A8004A98D3 /* LaunchScreen.storyboard in Resources */,
				CE80CE99217096A8004A98D3 /* Assets.xcassets in Resources */,
				CE1286A121ABA42B0088C98C /* EWSVCollectionViewCell.xib in Resources */,
				CE80CE97217096A6004A98D3 /* Main.storyboard in Resources */,
				CE12869C21ABA42B0088C98C /* ESSVNormalCollectionViewCell.xib in Resources */,
				CE12869A21ABA42B0088C98C /* ESSVBadgeImageCollectionViewCell.xib in Resources */,
			);
			runOnlyForDeploymentPostprocessing = 0;
		};
		CE80CEA2217096A8004A98D3 /* Resources */ = {
			isa = PBXResourcesBuildPhase;
			buildActionMask = 2147483647;
			files = (
			);
			runOnlyForDeploymentPostprocessing = 0;
		};
/* End PBXResourcesBuildPhase section */

/* Begin PBXSourcesBuildPhase section */
		CE80CE88217096A6004A98D3 /* Sources */ = {
			isa = PBXSourcesBuildPhase;
			buildActionMask = 2147483647;
			files = (
				CE14F05C219180B100AEC54C /* CTLCommonFunction.m in Sources */,
				CE80CE94217096A6004A98D3 /* ViewController.m in Sources */,
				CE10D93E2171C7FF000561AE /* UIAlertController+CTLHelper.m in Sources */,
				CE10D9402171C7FF000561AE /* UIViewController+CTLConfiguration.m in Sources */,
				CE80CE9F217096A8004A98D3 /* main.m in Sources */,
				CE10D93D2171C7FF000561AE /* UIView+CTLLayout.m in Sources */,
				CE12869621ABA42B0088C98C /* SegmentedViewConfiguration.m in Sources */,
				CEF41229218F17DB0049A994 /* UISearchBar+CTLLimitInputLength.m in Sources */,
				CE12869721ABA42B0088C98C /* ESSVBadgeTextCollectionViewCell.m in Sources */,
				CE35B36921AC15D500D625F9 /* CTLAuthorizeManager.m in Sources */,
				CE90CD2A219027F6007B2009 /* CTLDevice.m in Sources */,
				CEF4122F218F1BB40049A994 /* CTLDateManager.m in Sources */,
				CE12869F21ABA42B0088C98C /* EWSVCollectionViewCell.m in Sources */,
				CE12869E21ABA42B0088C98C /* SegmentedViewItem.m in Sources */,
				CEF41223218F15D30049A994 /* UITextField+CTLLimitInputLength.m in Sources */,
				CEF41226218F17330049A994 /* UITextView+CTLLimitInputLength.m in Sources */,
				CE12869921ABA42B0088C98C /* ESSVBadgeImageCollectionViewCell.m in Sources */,
				CEE9AE7521797CA700471FB5 /* NSString+CTLMD5.m in Sources */,
				CE10D93F2171C7FF000561AE /* UITableView+CTLConfiguration.m in Sources */,
				CEF41220218F10E60049A994 /* UIColor+CTLHelper.m in Sources */,
				CE12869821ABA42B0088C98C /* EqualSpacingSegmentedView.m in Sources */,
				CE2C17DD21C3A87100F50EB3 /* CTLContactsManager.m in Sources */,
				CE2C36D921AD3A2500CA3742 /* CTLLocationManager.m in Sources */,
				CE2C252A218DF38800244974 /* NSString+CTLURLComparison.m in Sources */,
				CE56F4E32174445800DACF5C /* CTLStoragePathManager.m in Sources */,
				CE4E056221D4F73C00CB966D /* CTLTimerHolder.m in Sources */,
				CE15DCFF21D74BFD00491E41 /* CTLCallMonitor.m in Sources */,
				CE221AE3218FDC8E0019BACD /* UIApplication+CTLHelper.m in Sources */,
				CE5DE468218ACF4E00862E47 /* CTLAppStatusMonitor.m in Sources */,
				CE9AF45221AE2AD900EAAC56 /* CTLLocationInfo.m in Sources */,
				CE12869B21ABA42B0088C98C /* ESSVNormalCollectionViewCell.m in Sources */,
				CE1286A021ABA42B0088C98C /* EqualWidthSegmentedView.m in Sources */,
				CE10D9462171DDC7000561AE /* TwoViewController.m in Sources */,
				CEF4122C218F19300049A994 /* NSData+CTLGZIP.m in Sources */,
				CEE8D20721AAA95900EE68CA /* CTLKeychainManager.m in Sources */,
				CE80CE91217096A6004A98D3 /* AppDelegate.m in Sources */,
			);
			runOnlyForDeploymentPostprocessing = 0;
		};
		CE80CEA0217096A8004A98D3 /* Sources */ = {
			isa = PBXSourcesBuildPhase;
			buildActionMask = 2147483647;
			files = (
				CE80CEA9217096A8004A98D3 /* CommonToolsKitTests.m in Sources */,
			);
			runOnlyForDeploymentPostprocessing = 0;
		};
/* End PBXSourcesBuildPhase section */

/* Begin PBXTargetDependency section */
		CE80CEA6217096A8004A98D3 /* PBXTargetDependency */ = {
			isa = PBXTargetDependency;
			target = CE80CE8B217096A6004A98D3 /* CommonToolsKit */;
			targetProxy = CE80CEA5217096A8004A98D3 /* PBXContainerItemProxy */;
		};
/* End PBXTargetDependency section */

/* Begin PBXVariantGroup section */
		CE80CE95217096A6004A98D3 /* Main.storyboard */ = {
			isa = PBXVariantGroup;
			children = (
				CE80CE96217096A6004A98D3 /* Base */,
			);
			name = Main.storyboard;
			sourceTree = "<group>";
		};
		CE80CE9A217096A8004A98D3 /* LaunchScreen.storyboard */ = {
			isa = PBXVariantGroup;
			children = (
				CE80CE9B217096A8004A98D3 /* Base */,
			);
			name = LaunchScreen.storyboard;
			sourceTree = "<group>";
		};
/* End PBXVariantGroup section */

/* Begin XCBuildConfiguration section */
		CE80CEAB217096A8004A98D3 /* Debug */ = {
			isa = XCBuildConfiguration;
			buildSettings = {
				ALWAYS_SEARCH_USER_PATHS = NO;
				CLANG_ANALYZER_NONNULL = YES;
				CLANG_ANALYZER_NUMBER_OBJECT_CONVERSION = YES_AGGRESSIVE;
				CLANG_CXX_LANGUAGE_STANDARD = "gnu++14";
				CLANG_CXX_LIBRARY = "libc++";
				CLANG_ENABLE_MODULES = YES;
				CLANG_ENABLE_OBJC_ARC = YES;
				CLANG_ENABLE_OBJC_WEAK = YES;
				CLANG_WARN_BLOCK_CAPTURE_AUTORELEASING = YES;
				CLANG_WARN_BOOL_CONVERSION = YES;
				CLANG_WARN_COMMA = YES;
				CLANG_WARN_CONSTANT_CONVERSION = YES;
				CLANG_WARN_DEPRECATED_OBJC_IMPLEMENTATIONS = YES;
				CLANG_WARN_DIRECT_OBJC_ISA_USAGE = YES_ERROR;
				CLANG_WARN_DOCUMENTATION_COMMENTS = YES;
				CLANG_WARN_EMPTY_BODY = YES;
				CLANG_WARN_ENUM_CONVERSION = YES;
				CLANG_WARN_INFINITE_RECURSION = YES;
				CLANG_WARN_INT_CONVERSION = YES;
				CLANG_WARN_NON_LITERAL_NULL_CONVERSION = YES;
				CLANG_WARN_OBJC_IMPLICIT_RETAIN_SELF = YES;
				CLANG_WARN_OBJC_LITERAL_CONVERSION = YES;
				CLANG_WARN_OBJC_ROOT_CLASS = YES_ERROR;
				CLANG_WARN_RANGE_LOOP_ANALYSIS = YES;
				CLANG_WARN_STRICT_PROTOTYPES = YES;
				CLANG_WARN_SUSPICIOUS_MOVE = YES;
				CLANG_WARN_UNGUARDED_AVAILABILITY = YES_AGGRESSIVE;
				CLANG_WARN_UNREACHABLE_CODE = YES;
				CLANG_WARN__DUPLICATE_METHOD_MATCH = YES;
				CODE_SIGN_IDENTITY = "iPhone Developer";
				COPY_PHASE_STRIP = NO;
				DEBUG_INFORMATION_FORMAT = dwarf;
				ENABLE_STRICT_OBJC_MSGSEND = YES;
				ENABLE_TESTABILITY = YES;
				GCC_C_LANGUAGE_STANDARD = gnu11;
				GCC_DYNAMIC_NO_PIC = NO;
				GCC_NO_COMMON_BLOCKS = YES;
				GCC_OPTIMIZATION_LEVEL = 0;
				GCC_PREPROCESSOR_DEFINITIONS = (
					"DEBUG=1",
					"$(inherited)",
				);
				GCC_WARN_64_TO_32_BIT_CONVERSION = YES;
				GCC_WARN_ABOUT_RETURN_TYPE = YES_ERROR;
				GCC_WARN_UNDECLARED_SELECTOR = YES;
				GCC_WARN_UNINITIALIZED_AUTOS = YES_AGGRESSIVE;
				GCC_WARN_UNUSED_FUNCTION = YES;
				GCC_WARN_UNUSED_VARIABLE = YES;
				IPHONEOS_DEPLOYMENT_TARGET = 8.0;
				MTL_ENABLE_DEBUG_INFO = INCLUDE_SOURCE;
				MTL_FAST_MATH = YES;
				ONLY_ACTIVE_ARCH = YES;
				SDKROOT = iphoneos;
			};
			name = Debug;
		};
		CE80CEAC217096A8004A98D3 /* Release */ = {
			isa = XCBuildConfiguration;
			buildSettings = {
				ALWAYS_SEARCH_USER_PATHS = NO;
				CLANG_ANALYZER_NONNULL = YES;
				CLANG_ANALYZER_NUMBER_OBJECT_CONVERSION = YES_AGGRESSIVE;
				CLANG_CXX_LANGUAGE_STANDARD = "gnu++14";
				CLANG_CXX_LIBRARY = "libc++";
				CLANG_ENABLE_MODULES = YES;
				CLANG_ENABLE_OBJC_ARC = YES;
				CLANG_ENABLE_OBJC_WEAK = YES;
				CLANG_WARN_BLOCK_CAPTURE_AUTORELEASING = YES;
				CLANG_WARN_BOOL_CONVERSION = YES;
				CLANG_WARN_COMMA = YES;
				CLANG_WARN_CONSTANT_CONVERSION = YES;
				CLANG_WARN_DEPRECATED_OBJC_IMPLEMENTATIONS = YES;
				CLANG_WARN_DIRECT_OBJC_ISA_USAGE = YES_ERROR;
				CLANG_WARN_DOCUMENTATION_COMMENTS = YES;
				CLANG_WARN_EMPTY_BODY = YES;
				CLANG_WARN_ENUM_CONVERSION = YES;
				CLANG_WARN_INFINITE_RECURSION = YES;
				CLANG_WARN_INT_CONVERSION = YES;
				CLANG_WARN_NON_LITERAL_NULL_CONVERSION = YES;
				CLANG_WARN_OBJC_IMPLICIT_RETAIN_SELF = YES;
				CLANG_WARN_OBJC_LITERAL_CONVERSION = YES;
				CLANG_WARN_OBJC_ROOT_CLASS = YES_ERROR;
				CLANG_WARN_RANGE_LOOP_ANALYSIS = YES;
				CLANG_WARN_STRICT_PROTOTYPES = YES;
				CLANG_WARN_SUSPICIOUS_MOVE = YES;
				CLANG_WARN_UNGUARDED_AVAILABILITY = YES_AGGRESSIVE;
				CLANG_WARN_UNREACHABLE_CODE = YES;
				CLANG_WARN__DUPLICATE_METHOD_MATCH = YES;
				CODE_SIGN_IDENTITY = "iPhone Developer";
				COPY_PHASE_STRIP = NO;
				DEBUG_INFORMATION_FORMAT = "dwarf-with-dsym";
				ENABLE_NS_ASSERTIONS = NO;
				ENABLE_STRICT_OBJC_MSGSEND = YES;
				GCC_C_LANGUAGE_STANDARD = gnu11;
				GCC_NO_COMMON_BLOCKS = YES;
				GCC_WARN_64_TO_32_BIT_CONVERSION = YES;
				GCC_WARN_ABOUT_RETURN_TYPE = YES_ERROR;
				GCC_WARN_UNDECLARED_SELECTOR = YES;
				GCC_WARN_UNINITIALIZED_AUTOS = YES_AGGRESSIVE;
				GCC_WARN_UNUSED_FUNCTION = YES;
				GCC_WARN_UNUSED_VARIABLE = YES;
				IPHONEOS_DEPLOYMENT_TARGET = 8.0;
				MTL_ENABLE_DEBUG_INFO = NO;
				MTL_FAST_MATH = YES;
				SDKROOT = iphoneos;
				VALIDATE_PRODUCT = YES;
			};
			name = Release;
		};
		CE80CEAE217096A8004A98D3 /* Debug */ = {
			isa = XCBuildConfiguration;
			buildSettings = {
				ASSETCATALOG_COMPILER_APPICON_NAME = AppIcon;
				CODE_SIGN_STYLE = Automatic;
				DEVELOPMENT_TEAM = 397W964N5J;
				GCC_PRECOMPILE_PREFIX_HEADER = YES;
				GCC_PREFIX_HEADER = CommonToolsKit/CommonToolsKit.pch;
				HEADER_SEARCH_PATHS = "";
				INFOPLIST_FILE = CommonToolsKit/Info.plist;
				IPHONEOS_DEPLOYMENT_TARGET = 8.0;
				LD_RUNPATH_SEARCH_PATHS = (
					"$(inherited)",
					"@executable_path/Frameworks",
				);
				LIBRARY_SEARCH_PATHS = "";
				PRODUCT_BUNDLE_IDENTIFIER = com.oc.CommonToolsKit;
				PRODUCT_NAME = "$(TARGET_NAME)";
				TARGETED_DEVICE_FAMILY = "1,2";
			};
			name = Debug;
		};
		CE80CEAF217096A8004A98D3 /* Release */ = {
			isa = XCBuildConfiguration;
			buildSettings = {
				ASSETCATALOG_COMPILER_APPICON_NAME = AppIcon;
				CODE_SIGN_STYLE = Automatic;
				DEVELOPMENT_TEAM = 397W964N5J;
				GCC_PRECOMPILE_PREFIX_HEADER = YES;
				GCC_PREFIX_HEADER = CommonToolsKit/CommonToolsKit.pch;
				HEADER_SEARCH_PATHS = "";
				INFOPLIST_FILE = CommonToolsKit/Info.plist;
				IPHONEOS_DEPLOYMENT_TARGET = 8.0;
				LD_RUNPATH_SEARCH_PATHS = (
					"$(inherited)",
					"@executable_path/Frameworks",
				);
				LIBRARY_SEARCH_PATHS = "";
				PRODUCT_BUNDLE_IDENTIFIER = com.oc.CommonToolsKit;
				PRODUCT_NAME = "$(TARGET_NAME)";
				TARGETED_DEVICE_FAMILY = "1,2";
			};
			name = Release;
		};
		CE80CEB1217096A8004A98D3 /* Debug */ = {
			isa = XCBuildConfiguration;
			buildSettings = {
				BUNDLE_LOADER = "$(TEST_HOST)";
				CODE_SIGN_STYLE = Automatic;
				DEVELOPMENT_TEAM = 397W964N5J;
				INFOPLIST_FILE = CommonToolsKitTests/Info.plist;
				LD_RUNPATH_SEARCH_PATHS = (
					"$(inherited)",
					"@executable_path/Frameworks",
					"@loader_path/Frameworks",
				);
				PRODUCT_BUNDLE_IDENTIFIER = com.oc.CommonToolsKitTests;
				PRODUCT_NAME = "$(TARGET_NAME)";
				TARGETED_DEVICE_FAMILY = "1,2";
				TEST_HOST = "$(BUILT_PRODUCTS_DIR)/CommonToolsKit.app/CommonToolsKit";
			};
			name = Debug;
		};
		CE80CEB2217096A8004A98D3 /* Release */ = {
			isa = XCBuildConfiguration;
			buildSettings = {
				BUNDLE_LOADER = "$(TEST_HOST)";
				CODE_SIGN_STYLE = Automatic;
				DEVELOPMENT_TEAM = 397W964N5J;
				INFOPLIST_FILE = CommonToolsKitTests/Info.plist;
				LD_RUNPATH_SEARCH_PATHS = (
					"$(inherited)",
					"@executable_path/Frameworks",
					"@loader_path/Frameworks",
				);
				PRODUCT_BUNDLE_IDENTIFIER = com.oc.CommonToolsKitTests;
				PRODUCT_NAME = "$(TARGET_NAME)";
				TARGETED_DEVICE_FAMILY = "1,2";
				TEST_HOST = "$(BUILT_PRODUCTS_DIR)/CommonToolsKit.app/CommonToolsKit";
			};
			name = Release;
		};
/* End XCBuildConfiguration section */

/* Begin XCConfigurationList section */
		CE80CE87217096A6004A98D3 /* Build configuration list for PBXProject "CommonToolsKit" */ = {
			isa = XCConfigurationList;
			buildConfigurations = (
				CE80CEAB217096A8004A98D3 /* Debug */,
				CE80CEAC217096A8004A98D3 /* Release */,
			);
			defaultConfigurationIsVisible = 0;
			defaultConfigurationName = Release;
		};
		CE80CEAD217096A8004A98D3 /* Build configuration list for PBXNativeTarget "CommonToolsKit" */ = {
			isa = XCConfigurationList;
			buildConfigurations = (
				CE80CEAE217096A8004A98D3 /* Debug */,
				CE80CEAF217096A8004A98D3 /* Release */,
			);
			defaultConfigurationIsVisible = 0;
			defaultConfigurationName = Release;
		};
		CE80CEB0217096A8004A98D3 /* Build configuration list for PBXNativeTarget "CommonToolsKitTests" */ = {
			isa = XCConfigurationList;
			buildConfigurations = (
				CE80CEB1217096A8004A98D3 /* Debug */,
				CE80CEB2217096A8004A98D3 /* Release */,
			);
			defaultConfigurationIsVisible = 0;
			defaultConfigurationName = Release;
		};
/* End XCConfigurationList section */
	};
	rootObject = CE80CE84217096A6004A98D3 /* Project object */;
}
